
Microsoft Visual Studio Solution File, Format Version 12.00
# Visual Studio Version 17
VisualStudioVersion = 17.8.34316.72
MinimumVisualStudioVersion = 10.0.40219.1
Project("{9A19103F-16F7-4668-BE54-9A1E7A4F7556}") = "JoCodeCompiler", "JoCodeCompiler\JoCodeCompiler.csproj", "{0C8A636B-89F9-4857-8EBC-0C0CFD0E0283}"
EndProject
Project("{9A19103F-16F7-4668-BE54-9A1E7A4F7556}") = "LexicalAnalyzer", "LexicalAnalyzer\LexicalAnalyzer.csproj", "{8F29CD3A-FCB6-49D1-AFAE-6D3F4040AC36}"
EndProject
Project("{FAE04EC0-301F-11D3-BF4B-00C04F79EFBC}") = "SyntacticAnalyzer", "SyntacticAnalyzer\SyntacticAnalyzer.csproj", "{DED10584-2DCF-4A71-9859-D8F077C65F99}"
EndProject
Project("{FAE04EC0-301F-11D3-BF4B-00C04F79EFBC}") = "ASTGenerator", "ASTGenerator\ASTGenerator.csproj", "{14846B8B-8EBC-486D-8311-38030EB3A84C}"
EndProject
Project("{FAE04EC0-301F-11D3-BF4B-00C04F79EFBC}") = "SemanticAnalyzer", "SemanticAnalyzer\SemanticAnalyzer.csproj", "{E3DB0FEF-CEB2-432D-A2FE-4FC15EB6B54C}"
EndProject
Project("{FAE04EC0-301F-11D3-BF4B-00C04F79EFBC}") = "CodeGenerator", "CodeGenerator\CodeGenerator.csproj", "{27E7DC01-8D50-4FBB-A71F-A40A54F451F8}"
EndProject
Global
	GlobalSection(SolutionConfigurationPlatforms) = preSolution
		Debug|Any CPU = Debug|Any CPU
		Release|Any CPU = Release|Any CPU
	EndGlobalSection
	GlobalSection(ProjectConfigurationPlatforms) = postSolution
		{0C8A636B-89F9-4857-8EBC-0C0CFD0E0283}.Debug|Any CPU.ActiveCfg = Debug|Any CPU
		{0C8A636B-89F9-4857-8EBC-0C0CFD0E0283}.Debug|Any CPU.Build.0 = Debug|Any CPU
		{0C8A636B-89F9-4857-8EBC-0C0CFD0E0283}.Release|Any CPU.ActiveCfg = Release|Any CPU
		{0C8A636B-89F9-4857-8EBC-0C0CFD0E0283}.Release|Any CPU.Build.0 = Release|Any CPU
		{8F29CD3A-FCB6-49D1-AFAE-6D3F4040AC36}.Debug|Any CPU.ActiveCfg = Debug|Any CPU
		{8F29CD3A-FCB6-49D1-AFAE-6D3F4040AC36}.Debug|Any CPU.Build.0 = Debug|Any CPU
		{8F29CD3A-FCB6-49D1-AFAE-6D3F4040AC36}.Release|Any CPU.ActiveCfg = Release|Any CPU
		{8F29CD3A-FCB6-49D1-AFAE-6D3F4040AC36}.Release|Any CPU.Build.0 = Release|Any CPU
		{DED10584-2DCF-4A71-9859-D8F077C65F99}.Debug|Any CPU.ActiveCfg = Debug|Any CPU
		{DED10584-2DCF-4A71-9859-D8F077C65F99}.Debug|Any CPU.Build.0 = Debug|Any CPU
		{DED10584-2DCF-4A71-9859-D8F077C65F99}.Release|Any CPU.ActiveCfg = Release|Any CPU
		{DED10584-2DCF-4A71-9859-D8F077C65F99}.Release|Any CPU.Build.0 = Release|Any CPU
		{14846B8B-8EBC-486D-8311-38030EB3A84C}.Debug|Any CPU.ActiveCfg = Debug|Any CPU
		{14846B8B-8EBC-486D-8311-38030EB3A84C}.Debug|Any CPU.Build.0 = Debug|Any CPU
		{14846B8B-8EBC-486D-8311-38030EB3A84C}.Release|Any CPU.ActiveCfg = Release|Any CPU
		{14846B8B-8EBC-486D-8311-38030EB3A84C}.Release|Any CPU.Build.0 = Release|Any CPU
		{E3DB0FEF-CEB2-432D-A2FE-4FC15EB6B54C}.Debug|Any CPU.ActiveCfg = Debug|Any CPU
		{E3DB0FEF-CEB2-432D-A2FE-4FC15EB6B54C}.Debug|Any CPU.Build.0 = Debug|Any CPU
		{E3DB0FEF-CEB2-432D-A2FE-4FC15EB6B54C}.Release|Any CPU.ActiveCfg = Release|Any CPU
		{E3DB0FEF-CEB2-432D-A2FE-4FC15EB6B54C}.Release|Any CPU.Build.0 = Release|Any CPU
		{27E7DC01-8D50-4FBB-A71F-A40A54F451F8}.Debug|Any CPU.ActiveCfg = Debug|Any CPU
		{27E7DC01-8D50-4FBB-A71F-A40A54F451F8}.Debug|Any CPU.Build.0 = Debug|Any CPU
		{27E7DC01-8D50-4FBB-A71F-A40A54F451F8}.Release|Any CPU.ActiveCfg = Release|Any CPU
		{27E7DC01-8D50-4FBB-A71F-A40A54F451F8}.Release|Any CPU.Build.0 = Release|Any CPU
	EndGlobalSection
	GlobalSection(SolutionProperties) = preSolution
		HideSolutionNode = FALSE
	EndGlobalSection
	GlobalSection(ExtensibilityGlobals) = postSolution
		SolutionGuid = {7D43AB5D-B05E-43BF-948E-5D8887B490FF}
	EndGlobalSection
EndGlobal
